// !$*UTF8*$!
{
	archiveVersion = 1;
	classes = {
	};
	objectVersion = 50;
	objects = {

/* Begin PBXBuildFile section */
		D23D8C0123303EAC007E2A58 /* Stage.swift in Sources */ = {isa = PBXBuildFile; fileRef = D23D8C0023303EAC007E2A58 /* Stage.swift */; };
		D241A1C12321D6900009CFF3 /* URL+Syrinscape.swift in Sources */ = {isa = PBXBuildFile; fileRef = D241A1C02321D6900009CFF3 /* URL+Syrinscape.swift */; };
		D241A1C32321D7E20009CFF3 /* SyrinscapeAuth.swift in Sources */ = {isa = PBXBuildFile; fileRef = D241A1C22321D7E20009CFF3 /* SyrinscapeAuth.swift */; };
		D241A1E923280FA30009CFF3 /* SyrinscapeChaptersClient.swift in Sources */ = {isa = PBXBuildFile; fileRef = D241A1E823280FA30009CFF3 /* SyrinscapeChaptersClient.swift */; };
		D241A1EB232819F70009CFF3 /* SyrinscapeManifestClient.swift in Sources */ = {isa = PBXBuildFile; fileRef = D241A1EA232819F70009CFF3 /* SyrinscapeManifestClient.swift */; };
		D241A1ED23281BC60009CFF3 /* SyrinscapeChapterClient.swift in Sources */ = {isa = PBXBuildFile; fileRef = D241A1EC23281BC60009CFF3 /* SyrinscapeChapterClient.swift */; };
		D241A1EF232824200009CFF3 /* SyrinscapeDownloadError.swift in Sources */ = {isa = PBXBuildFile; fileRef = D241A1EE232824200009CFF3 /* SyrinscapeDownloadError.swift */; };
		D241A1F1232825040009CFF3 /* Sample+DownloadFromSyrinscape.swift in Sources */ = {isa = PBXBuildFile; fileRef = D241A1F0232825040009CFF3 /* Sample+DownloadFromSyrinscape.swift */; };
		D250FFE9232ADB3600EA515B /* PlaylistEntry+Sync.swift in Sources */ = {isa = PBXBuildFile; fileRef = D250FFE8232ADB3600EA515B /* PlaylistEntry+Sync.swift */; };
		D250FFF3232C8D8D00EA515B /* ProgressArc.swift in Sources */ = {isa = PBXBuildFile; fileRef = D250FFF2232C8D8D00EA515B /* ProgressArc.swift */; };
		D250FFF5232C962900EA515B /* PlayerView.swift in Sources */ = {isa = PBXBuildFile; fileRef = D250FFF4232C962900EA515B /* PlayerView.swift */; };
		D250FFF7232CB67E00EA515B /* AirPlayRoutePicker.swift in Sources */ = {isa = PBXBuildFile; fileRef = D250FFF6232CB67E00EA515B /* AirPlayRoutePicker.swift */; };
		D250FFF9233024AC00EA515B /* Mood+Sync.swift in Sources */ = {isa = PBXBuildFile; fileRef = D250FFF8233024AC00EA515B /* Mood+Sync.swift */; };
		D250FFFB2330253100EA515B /* ElementParameter+Sync.swift in Sources */ = {isa = PBXBuildFile; fileRef = D250FFFA2330253100EA515B /* ElementParameter+Sync.swift */; };
		D28442E52356EAF0008BBD5E /* Soundset.swift in Sources */ = {isa = PBXBuildFile; fileRef = D28442E42356EAF0008BBD5E /* Soundset.swift */; };
		D28442EB2356EC9B008BBD5E /* Playlist.swift in Sources */ = {isa = PBXBuildFile; fileRef = D28442EA2356EC9B008BBD5E /* Playlist.swift */; };
		D28442F32356EF3F008BBD5E /* Sample.swift in Sources */ = {isa = PBXBuildFile; fileRef = D28442F22356EF3F008BBD5E /* Sample.swift */; };
		D28442F52356EFC0008BBD5E /* Mood.swift in Sources */ = {isa = PBXBuildFile; fileRef = D28442F42356EFC0008BBD5E /* Mood.swift */; };
		D299938B2352B3AF0060859D /* SoundsetImageView.swift in Sources */ = {isa = PBXBuildFile; fileRef = D299938A2352B3AF0060859D /* SoundsetImageView.swift */; };
		D299938D2352E0F30060859D /* MoodsList.swift in Sources */ = {isa = PBXBuildFile; fileRef = D299938C2352E0F30060859D /* MoodsList.swift */; };
		D29993B3235430A20060859D /* MoodButton.swift in Sources */ = {isa = PBXBuildFile; fileRef = D29993B2235430A20060859D /* MoodButton.swift */; };
		D29993B5235431BE0060859D /* PlaylistsList.swift in Sources */ = {isa = PBXBuildFile; fileRef = D29993B4235431BE0060859D /* PlaylistsList.swift */; };
		D2AC67042321809900548388 /* AppDelegate.swift in Sources */ = {isa = PBXBuildFile; fileRef = D2AC67032321809900548388 /* AppDelegate.swift */; };
		D2AC67062321809900548388 /* SceneDelegate.swift in Sources */ = {isa = PBXBuildFile; fileRef = D2AC67052321809900548388 /* SceneDelegate.swift */; };
		D2AC670A2321809A00548388 /* Assets.xcassets in Resources */ = {isa = PBXBuildFile; fileRef = D2AC67092321809A00548388 /* Assets.xcassets */; };
		D2AC670D2321809A00548388 /* Preview Assets.xcassets in Resources */ = {isa = PBXBuildFile; fileRef = D2AC670C2321809A00548388 /* Preview Assets.xcassets */; };
		D2AC67102321809A00548388 /* LaunchScreen.storyboard in Resources */ = {isa = PBXBuildFile; fileRef = D2AC670E2321809A00548388 /* LaunchScreen.storyboard */; };
		D2AC671923218EA700548388 /* Ogg.framework in Frameworks */ = {isa = PBXBuildFile; fileRef = D2AC671723218EA700548388 /* Ogg.framework */; };
		D2AC671A23218EA700548388 /* Vorbis.framework in Frameworks */ = {isa = PBXBuildFile; fileRef = D2AC671823218EA700548388 /* Vorbis.framework */; };
		D2AC671E2321934500548388 /* AudioManager.swift in Sources */ = {isa = PBXBuildFile; fileRef = D2AC671D2321934500548388 /* AudioManager.swift */; };
		D2AC67242321948700548388 /* AVFoundation.framework in Frameworks */ = {isa = PBXBuildFile; fileRef = D2AC67232321948700548388 /* AVFoundation.framework */; };
		D2AC67262321964500548388 /* OggVorbisFile.swift in Sources */ = {isa = PBXBuildFile; fileRef = D2AC67252321964500548388 /* OggVorbisFile.swift */; };
		D2AC672E2321A20800548388 /* OggVorbisError.swift in Sources */ = {isa = PBXBuildFile; fileRef = D2AC672D2321A20800548388 /* OggVorbisError.swift */; };
		D2AC67302321A46300548388 /* Player.swift in Sources */ = {isa = PBXBuildFile; fileRef = D2AC672F2321A46300548388 /* Player.swift */; };
		D2AC67502321A5DC00548388 /* AVKit.framework in Frameworks */ = {isa = PBXBuildFile; fileRef = D2AC674F2321A5DC00548388 /* AVKit.framework */; };
		D2AC67522321BF0000548388 /* AVAudioPlayerNode+OggVorbis.swift in Sources */ = {isa = PBXBuildFile; fileRef = D2AC67512321BF0000548388 /* AVAudioPlayerNode+OggVorbis.swift */; };
		D2ACA4492362415300EECC2A /* Collection+SplitBetween.swift in Sources */ = {isa = PBXBuildFile; fileRef = D2ACA4482362415300EECC2A /* Collection+SplitBetween.swift */; };
		D2B255F32328A04D0065A48B /* SyrinscapeSync.swift in Sources */ = {isa = PBXBuildFile; fileRef = D2B255F22328A04D0065A48B /* SyrinscapeSync.swift */; };
		D2B255F5232983760065A48B /* CoreData.framework in Frameworks */ = {isa = PBXBuildFile; fileRef = D2B255F4232983760065A48B /* CoreData.framework */; };
		D2B255F9232983970065A48B /* Soundscape.xcdatamodeld in Sources */ = {isa = PBXBuildFile; fileRef = D2B255F7232983970065A48B /* Soundscape.xcdatamodeld */; };
		D2B255FB2329914C0065A48B /* Soundset+Sync.swift in Sources */ = {isa = PBXBuildFile; fileRef = D2B255FA2329914C0065A48B /* Soundset+Sync.swift */; };
		D2B2560123299B290065A48B /* PreviewContent.swift in Sources */ = {isa = PBXBuildFile; fileRef = D2B2560023299B290065A48B /* PreviewContent.swift */; };
		D2B2560523299C570065A48B /* SoundsetRow.swift in Sources */ = {isa = PBXBuildFile; fileRef = D2B2560423299C570065A48B /* SoundsetRow.swift */; };
		D2B256082329A2970065A48B /* SoundsetsList.swift in Sources */ = {isa = PBXBuildFile; fileRef = D2B2560223299C020065A48B /* SoundsetsList.swift */; };
		D2B2560A2329A3CB0065A48B /* SoundsetView.swift in Sources */ = {isa = PBXBuildFile; fileRef = D2B256092329A3CB0065A48B /* SoundsetView.swift */; };
		D2B2560C2329A5B20065A48B /* HostView.swift in Sources */ = {isa = PBXBuildFile; fileRef = D2B2560B2329A5B20065A48B /* HostView.swift */; };
		D2B2560E2329C2870065A48B /* Sample+Sync.swift in Sources */ = {isa = PBXBuildFile; fileRef = D2B2560D2329C2870065A48B /* Sample+Sync.swift */; };
		D2B25610232AD7540065A48B /* Element+Sync.swift in Sources */ = {isa = PBXBuildFile; fileRef = D2B2560F232AD7540065A48B /* Element+Sync.swift */; };
		D2D8D125234ECA5800EF1F2B /* NowPlayingView.swift in Sources */ = {isa = PBXBuildFile; fileRef = D2D8D124234ECA5800EF1F2B /* NowPlayingView.swift */; };
		D2DFD0EB23579C0A001CA9DC /* SoundsetListController.swift in Sources */ = {isa = PBXBuildFile; fileRef = D2DFD0EA23579C0A001CA9DC /* SoundsetListController.swift */; };
		D2DFD11023590213001CA9DC /* NowPlayingBottomBar.swift in Sources */ = {isa = PBXBuildFile; fileRef = D2DFD10F23590213001CA9DC /* NowPlayingBottomBar.swift */; };
		D2DFD11223590700001CA9DC /* OneShotsList.swift in Sources */ = {isa = PBXBuildFile; fileRef = D2DFD11123590700001CA9DC /* OneShotsList.swift */; };
		D2DFD11423590728001CA9DC /* OneShotSearchController.swift in Sources */ = {isa = PBXBuildFile; fileRef = D2DFD11323590728001CA9DC /* OneShotSearchController.swift */; };
		D2DFD11623590992001CA9DC /* PlayerButton.swift in Sources */ = {isa = PBXBuildFile; fileRef = D2DFD11523590992001CA9DC /* PlayerButton.swift */; };
		D2DFD118235909A7001CA9DC /* PlayerStatusView.swift in Sources */ = {isa = PBXBuildFile; fileRef = D2DFD117235909A7001CA9DC /* PlayerStatusView.swift */; };
		D2DFD11A235909D8001CA9DC /* PlayerProgress.swift in Sources */ = {isa = PBXBuildFile; fileRef = D2DFD119235909D8001CA9DC /* PlayerProgress.swift */; };
/* End PBXBuildFile section */

/* Begin PBXFileReference section */
		D23D8C0023303EAC007E2A58 /* Stage.swift */ = {isa = PBXFileReference; lastKnownFileType = sourcecode.swift; path = Stage.swift; sourceTree = "<group>"; };
		D23D8C02233054AB007E2A58 /* MoodRow.swift */ = {isa = PBXFileReference; lastKnownFileType = sourcecode.swift; path = MoodRow.swift; sourceTree = "<group>"; };
		D23D8C0423306F34007E2A58 /* ElementRow.swift */ = {isa = PBXFileReference; lastKnownFileType = sourcecode.swift; path = ElementRow.swift; sourceTree = "<group>"; };
		D241A1C02321D6900009CFF3 /* URL+Syrinscape.swift */ = {isa = PBXFileReference; lastKnownFileType = sourcecode.swift; path = "URL+Syrinscape.swift"; sourceTree = "<group>"; };
		D241A1C22321D7E20009CFF3 /* SyrinscapeAuth.swift */ = {isa = PBXFileReference; lastKnownFileType = sourcecode.swift; path = SyrinscapeAuth.swift; sourceTree = "<group>"; };
		D241A1E823280FA30009CFF3 /* SyrinscapeChaptersClient.swift */ = {isa = PBXFileReference; lastKnownFileType = sourcecode.swift; path = SyrinscapeChaptersClient.swift; sourceTree = "<group>"; };
		D241A1EA232819F70009CFF3 /* SyrinscapeManifestClient.swift */ = {isa = PBXFileReference; lastKnownFileType = sourcecode.swift; path = SyrinscapeManifestClient.swift; sourceTree = "<group>"; };
		D241A1EC23281BC60009CFF3 /* SyrinscapeChapterClient.swift */ = {isa = PBXFileReference; lastKnownFileType = sourcecode.swift; path = SyrinscapeChapterClient.swift; sourceTree = "<group>"; };
		D241A1EE232824200009CFF3 /* SyrinscapeDownloadError.swift */ = {isa = PBXFileReference; lastKnownFileType = sourcecode.swift; path = SyrinscapeDownloadError.swift; sourceTree = "<group>"; };
		D241A1F0232825040009CFF3 /* Sample+DownloadFromSyrinscape.swift */ = {isa = PBXFileReference; lastKnownFileType = sourcecode.swift; path = "Sample+DownloadFromSyrinscape.swift"; sourceTree = "<group>"; };
		D250FFE8232ADB3600EA515B /* PlaylistEntry+Sync.swift */ = {isa = PBXFileReference; lastKnownFileType = sourcecode.swift; path = "PlaylistEntry+Sync.swift"; sourceTree = "<group>"; };
		D250FFF2232C8D8D00EA515B /* ProgressArc.swift */ = {isa = PBXFileReference; lastKnownFileType = sourcecode.swift; path = ProgressArc.swift; sourceTree = "<group>"; };
		D250FFF4232C962900EA515B /* PlayerView.swift */ = {isa = PBXFileReference; lastKnownFileType = sourcecode.swift; path = PlayerView.swift; sourceTree = "<group>"; };
		D250FFF6232CB67E00EA515B /* AirPlayRoutePicker.swift */ = {isa = PBXFileReference; lastKnownFileType = sourcecode.swift; path = AirPlayRoutePicker.swift; sourceTree = "<group>"; };
		D250FFF8233024AC00EA515B /* Mood+Sync.swift */ = {isa = PBXFileReference; lastKnownFileType = sourcecode.swift; path = "Mood+Sync.swift"; sourceTree = "<group>"; };
		D250FFFA2330253100EA515B /* ElementParameter+Sync.swift */ = {isa = PBXFileReference; lastKnownFileType = sourcecode.swift; path = "ElementParameter+Sync.swift"; sourceTree = "<group>"; };
		D252711923354EAC0091A823 /* SearchResultsView.swift */ = {isa = PBXFileReference; lastKnownFileType = sourcecode.swift; path = SearchResultsView.swift; sourceTree = "<group>"; };
		D252711B2336A6FC0091A823 /* SearchController.swift */ = {isa = PBXFileReference; lastKnownFileType = sourcecode.swift; path = SearchController.swift; sourceTree = "<group>"; };
		D28442E42356EAF0008BBD5E /* Soundset.swift */ = {isa = PBXFileReference; lastKnownFileType = sourcecode.swift; path = Soundset.swift; sourceTree = "<group>"; };
		D28442EA2356EC9B008BBD5E /* Playlist.swift */ = {isa = PBXFileReference; lastKnownFileType = sourcecode.swift; path = Playlist.swift; sourceTree = "<group>"; };
		D28442F22356EF3F008BBD5E /* Sample.swift */ = {isa = PBXFileReference; lastKnownFileType = sourcecode.swift; path = Sample.swift; sourceTree = "<group>"; };
		D28442F42356EFC0008BBD5E /* Mood.swift */ = {isa = PBXFileReference; lastKnownFileType = sourcecode.swift; path = Mood.swift; sourceTree = "<group>"; };
		D299938A2352B3AF0060859D /* SoundsetImageView.swift */ = {isa = PBXFileReference; lastKnownFileType = sourcecode.swift; path = SoundsetImageView.swift; sourceTree = "<group>"; };
		D299938C2352E0F30060859D /* MoodsList.swift */ = {isa = PBXFileReference; lastKnownFileType = sourcecode.swift; path = MoodsList.swift; sourceTree = "<group>"; };
		D29993B2235430A20060859D /* MoodButton.swift */ = {isa = PBXFileReference; lastKnownFileType = sourcecode.swift; path = MoodButton.swift; sourceTree = "<group>"; };
		D29993B4235431BE0060859D /* PlaylistsList.swift */ = {isa = PBXFileReference; lastKnownFileType = sourcecode.swift; path = PlaylistsList.swift; sourceTree = "<group>"; };
		D2AC67002321809900548388 /* Soundscape.app */ = {isa = PBXFileReference; explicitFileType = wrapper.application; includeInIndex = 0; path = Soundscape.app; sourceTree = BUILT_PRODUCTS_DIR; };
		D2AC67032321809900548388 /* AppDelegate.swift */ = {isa = PBXFileReference; lastKnownFileType = sourcecode.swift; path = AppDelegate.swift; sourceTree = "<group>"; };
		D2AC67052321809900548388 /* SceneDelegate.swift */ = {isa = PBXFileReference; lastKnownFileType = sourcecode.swift; path = SceneDelegate.swift; sourceTree = "<group>"; };
		D2AC67092321809A00548388 /* Assets.xcassets */ = {isa = PBXFileReference; lastKnownFileType = folder.assetcatalog; path = Assets.xcassets; sourceTree = "<group>"; };
		D2AC670C2321809A00548388 /* Preview Assets.xcassets */ = {isa = PBXFileReference; lastKnownFileType = folder.assetcatalog; path = "Preview Assets.xcassets"; sourceTree = "<group>"; };
		D2AC670F2321809A00548388 /* Base */ = {isa = PBXFileReference; lastKnownFileType = file.storyboard; name = Base; path = Base.lproj/LaunchScreen.storyboard; sourceTree = "<group>"; };
		D2AC67112321809A00548388 /* Info.plist */ = {isa = PBXFileReference; lastKnownFileType = text.plist.xml; path = Info.plist; sourceTree = "<group>"; };
		D2AC671723218EA700548388 /* Ogg.framework */ = {isa = PBXFileReference; lastKnownFileType = wrapper.framework; path = Ogg.framework; sourceTree = "<group>"; };
		D2AC671823218EA700548388 /* Vorbis.framework */ = {isa = PBXFileReference; lastKnownFileType = wrapper.framework; path = Vorbis.framework; sourceTree = "<group>"; };
		D2AC671C23218F4200548388 /* Soundscape-Bridging-Header.h */ = {isa = PBXFileReference; lastKnownFileType = sourcecode.c.h; path = "Soundscape-Bridging-Header.h"; sourceTree = "<group>"; };
		D2AC671D2321934500548388 /* AudioManager.swift */ = {isa = PBXFileReference; fileEncoding = 4; lastKnownFileType = sourcecode.swift; path = AudioManager.swift; sourceTree = "<group>"; };
		D2AC67232321948700548388 /* AVFoundation.framework */ = {isa = PBXFileReference; lastKnownFileType = wrapper.framework; name = AVFoundation.framework; path = System/Library/Frameworks/AVFoundation.framework; sourceTree = SDKROOT; };
		D2AC67252321964500548388 /* OggVorbisFile.swift */ = {isa = PBXFileReference; fileEncoding = 4; lastKnownFileType = sourcecode.swift; path = OggVorbisFile.swift; sourceTree = "<group>"; };
		D2AC672D2321A20800548388 /* OggVorbisError.swift */ = {isa = PBXFileReference; lastKnownFileType = sourcecode.swift; path = OggVorbisError.swift; sourceTree = "<group>"; };
		D2AC672F2321A46300548388 /* Player.swift */ = {isa = PBXFileReference; fileEncoding = 4; lastKnownFileType = sourcecode.swift; path = Player.swift; sourceTree = "<group>"; };
		D2AC674F2321A5DC00548388 /* AVKit.framework */ = {isa = PBXFileReference; lastKnownFileType = wrapper.framework; name = AVKit.framework; path = System/Library/Frameworks/AVKit.framework; sourceTree = SDKROOT; };
		D2AC67512321BF0000548388 /* AVAudioPlayerNode+OggVorbis.swift */ = {isa = PBXFileReference; lastKnownFileType = sourcecode.swift; path = "AVAudioPlayerNode+OggVorbis.swift"; sourceTree = "<group>"; };
		D2ACA4482362415300EECC2A /* Collection+SplitBetween.swift */ = {isa = PBXFileReference; fileEncoding = 4; lastKnownFileType = sourcecode.swift; path = "Collection+SplitBetween.swift"; sourceTree = "<group>"; };
		D2B255F22328A04D0065A48B /* SyrinscapeSync.swift */ = {isa = PBXFileReference; lastKnownFileType = sourcecode.swift; path = SyrinscapeSync.swift; sourceTree = "<group>"; };
		D2B255F4232983760065A48B /* CoreData.framework */ = {isa = PBXFileReference; lastKnownFileType = wrapper.framework; name = CoreData.framework; path = System/Library/Frameworks/CoreData.framework; sourceTree = SDKROOT; };
		D2B255F8232983970065A48B /* Soundscape.xcdatamodel */ = {isa = PBXFileReference; lastKnownFileType = wrapper.xcdatamodel; path = Soundscape.xcdatamodel; sourceTree = "<group>"; };
		D2B255FA2329914C0065A48B /* Soundset+Sync.swift */ = {isa = PBXFileReference; lastKnownFileType = sourcecode.swift; path = "Soundset+Sync.swift"; sourceTree = "<group>"; };
		D2B2560023299B290065A48B /* PreviewContent.swift */ = {isa = PBXFileReference; fileEncoding = 4; lastKnownFileType = sourcecode.swift; path = PreviewContent.swift; sourceTree = "<group>"; };
		D2B2560223299C020065A48B /* SoundsetsList.swift */ = {isa = PBXFileReference; lastKnownFileType = sourcecode.swift; path = SoundsetsList.swift; sourceTree = "<group>"; };
		D2B2560423299C570065A48B /* SoundsetRow.swift */ = {isa = PBXFileReference; lastKnownFileType = sourcecode.swift; path = SoundsetRow.swift; sourceTree = "<group>"; };
		D2B256092329A3CB0065A48B /* SoundsetView.swift */ = {isa = PBXFileReference; lastKnownFileType = sourcecode.swift; path = SoundsetView.swift; sourceTree = "<group>"; };
		D2B2560B2329A5B20065A48B /* HostView.swift */ = {isa = PBXFileReference; lastKnownFileType = sourcecode.swift; path = HostView.swift; sourceTree = "<group>"; };
		D2B2560D2329C2870065A48B /* Sample+Sync.swift */ = {isa = PBXFileReference; lastKnownFileType = sourcecode.swift; path = "Sample+Sync.swift"; sourceTree = "<group>"; };
		D2B2560F232AD7540065A48B /* Element+Sync.swift */ = {isa = PBXFileReference; lastKnownFileType = sourcecode.swift; path = "Element+Sync.swift"; sourceTree = "<group>"; };
		D2D8D124234ECA5800EF1F2B /* NowPlayingView.swift */ = {isa = PBXFileReference; lastKnownFileType = sourcecode.swift; path = NowPlayingView.swift; sourceTree = "<group>"; };
		D2DFD0EA23579C0A001CA9DC /* SoundsetListController.swift */ = {isa = PBXFileReference; lastKnownFileType = sourcecode.swift; path = SoundsetListController.swift; sourceTree = "<group>"; };
		D2DFD10F23590213001CA9DC /* NowPlayingBottomBar.swift */ = {isa = PBXFileReference; lastKnownFileType = sourcecode.swift; path = NowPlayingBottomBar.swift; sourceTree = "<group>"; };
		D2DFD11123590700001CA9DC /* OneShotsList.swift */ = {isa = PBXFileReference; lastKnownFileType = sourcecode.swift; path = OneShotsList.swift; sourceTree = "<group>"; };
		D2DFD11323590728001CA9DC /* OneShotSearchController.swift */ = {isa = PBXFileReference; lastKnownFileType = sourcecode.swift; path = OneShotSearchController.swift; sourceTree = "<group>"; };
		D2DFD11523590992001CA9DC /* PlayerButton.swift */ = {isa = PBXFileReference; lastKnownFileType = sourcecode.swift; path = PlayerButton.swift; sourceTree = "<group>"; };
		D2DFD117235909A7001CA9DC /* PlayerStatusView.swift */ = {isa = PBXFileReference; lastKnownFileType = sourcecode.swift; path = PlayerStatusView.swift; sourceTree = "<group>"; };
		D2DFD119235909D8001CA9DC /* PlayerProgress.swift */ = {isa = PBXFileReference; lastKnownFileType = sourcecode.swift; path = PlayerProgress.swift; sourceTree = "<group>"; };
/* End PBXFileReference section */

/* Begin PBXFrameworksBuildPhase section */
		D2AC66FD2321809900548388 /* Frameworks */ = {
			isa = PBXFrameworksBuildPhase;
			buildActionMask = 2147483647;
			files = (
				D2AC671923218EA700548388 /* Ogg.framework in Frameworks */,
				D2AC671A23218EA700548388 /* Vorbis.framework in Frameworks */,
				D2B255F5232983760065A48B /* CoreData.framework in Frameworks */,
				D2AC67502321A5DC00548388 /* AVKit.framework in Frameworks */,
				D2AC67242321948700548388 /* AVFoundation.framework in Frameworks */,
			);
			runOnlyForDeploymentPostprocessing = 0;
		};
/* End PBXFrameworksBuildPhase section */

/* Begin PBXGroup section */
		D241A1BF2321D6860009CFF3 /* Syrinscape */ = {
			isa = PBXGroup;
			children = (
				D241A1C22321D7E20009CFF3 /* SyrinscapeAuth.swift */,
				D241A1C02321D6900009CFF3 /* URL+Syrinscape.swift */,
				D241A1E823280FA30009CFF3 /* SyrinscapeChaptersClient.swift */,
				D241A1EA232819F70009CFF3 /* SyrinscapeManifestClient.swift */,
				D241A1EC23281BC60009CFF3 /* SyrinscapeChapterClient.swift */,
				D241A1EE232824200009CFF3 /* SyrinscapeDownloadError.swift */,
				D2B255F22328A04D0065A48B /* SyrinscapeSync.swift */,
				D2B255FA2329914C0065A48B /* Soundset+Sync.swift */,
				D2B2560D2329C2870065A48B /* Sample+Sync.swift */,
				D2B2560F232AD7540065A48B /* Element+Sync.swift */,
				D250FFE8232ADB3600EA515B /* PlaylistEntry+Sync.swift */,
				D250FFF8233024AC00EA515B /* Mood+Sync.swift */,
				D250FFFA2330253100EA515B /* ElementParameter+Sync.swift */,
			);
			name = Syrinscape;
			sourceTree = "<group>";
		};
		D2AC66F72321809900548388 = {
			isa = PBXGroup;
			children = (
				D2AC67022321809900548388 /* Soundscape */,
				D2AC671B23218EC600548388 /* Frameworks */,
				D2AC67012321809900548388 /* Products */,
			);
			sourceTree = "<group>";
		};
		D2AC67012321809900548388 /* Products */ = {
			isa = PBXGroup;
			children = (
				D2AC67002321809900548388 /* Soundscape.app */,
			);
			name = Products;
			sourceTree = "<group>";
		};
		D2AC67022321809900548388 /* Soundscape */ = {
			isa = PBXGroup;
			children = (
				D2B255F6232983890065A48B /* Data Model */,
				D241A1BF2321D6860009CFF3 /* Syrinscape */,
				D2AC67202321944100548388 /* Audio */,
				D2AC673D2321A49A00548388 /* UI */,
				D2AC67032321809900548388 /* AppDelegate.swift */,
				D2ACA4482362415300EECC2A /* Collection+SplitBetween.swift */,
				D2AC67052321809900548388 /* SceneDelegate.swift */,
				D2AC67092321809A00548388 /* Assets.xcassets */,
				D2AC671C23218F4200548388 /* Soundscape-Bridging-Header.h */,
				D2AC670E2321809A00548388 /* LaunchScreen.storyboard */,
				D2AC67112321809A00548388 /* Info.plist */,
				D2AC670B2321809A00548388 /* Preview Content */,
			);
			path = Soundscape;
			sourceTree = "<group>";
		};
		D2AC670B2321809A00548388 /* Preview Content */ = {
			isa = PBXGroup;
			children = (
				D2B2560023299B290065A48B /* PreviewContent.swift */,
				D2AC670C2321809A00548388 /* Preview Assets.xcassets */,
			);
			path = "Preview Content";
			sourceTree = "<group>";
		};
		D2AC671B23218EC600548388 /* Frameworks */ = {
			isa = PBXGroup;
			children = (
				D2B255F4232983760065A48B /* CoreData.framework */,
				D2AC674F2321A5DC00548388 /* AVKit.framework */,
				D2AC67232321948700548388 /* AVFoundation.framework */,
				D2AC671723218EA700548388 /* Ogg.framework */,
				D2AC671823218EA700548388 /* Vorbis.framework */,
			);
			name = Frameworks;
			sourceTree = "<group>";
		};
		D2AC67202321944100548388 /* Audio */ = {
			isa = PBXGroup;
			children = (
				D2AC671D2321934500548388 /* AudioManager.swift */,
				D23D8C0023303EAC007E2A58 /* Stage.swift */,
				D2AC672F2321A46300548388 /* Player.swift */,
				D2AC67512321BF0000548388 /* AVAudioPlayerNode+OggVorbis.swift */,
				D2AC67252321964500548388 /* OggVorbisFile.swift */,
				D2AC672D2321A20800548388 /* OggVorbisError.swift */,
			);
			name = Audio;
			sourceTree = "<group>";
		};
		D2AC673D2321A49A00548388 /* UI */ = {
			isa = PBXGroup;
			children = (
				D2B2560B2329A5B20065A48B /* HostView.swift */,
				D2B2560223299C020065A48B /* SoundsetsList.swift */,
				D2B2560423299C570065A48B /* SoundsetRow.swift */,
				D299938A2352B3AF0060859D /* SoundsetImageView.swift */,
				D2B256092329A3CB0065A48B /* SoundsetView.swift */,
				D299938C2352E0F30060859D /* MoodsList.swift */,
				D29993B2235430A20060859D /* MoodButton.swift */,
				D29993B4235431BE0060859D /* PlaylistsList.swift */,
				D250FFF4232C962900EA515B /* PlayerView.swift */,
				D2DFD117235909A7001CA9DC /* PlayerStatusView.swift */,
				D2DFD119235909D8001CA9DC /* PlayerProgress.swift */,
				D250FFF2232C8D8D00EA515B /* ProgressArc.swift */,
				D2DFD11123590700001CA9DC /* OneShotsList.swift */,
				D2DFD11523590992001CA9DC /* PlayerButton.swift */,
				D2D8D124234ECA5800EF1F2B /* NowPlayingView.swift */,
				D2DFD10F23590213001CA9DC /* NowPlayingBottomBar.swift */,
				D250FFF6232CB67E00EA515B /* AirPlayRoutePicker.swift */,
				D252711923354EAC0091A823 /* SearchResultsView.swift */,
				D23D8C02233054AB007E2A58 /* MoodRow.swift */,
				D23D8C0423306F34007E2A58 /* ElementRow.swift */,
			);
			name = UI;
			sourceTree = "<group>";
		};
		D2B255F6232983890065A48B /* Data Model */ = {
			isa = PBXGroup;
			children = (
				D2B255F7232983970065A48B /* Soundscape.xcdatamodeld */,
				D28442E42356EAF0008BBD5E /* Soundset.swift */,
				D28442EA2356EC9B008BBD5E /* Playlist.swift */,
				D28442F22356EF3F008BBD5E /* Sample.swift */,
				D241A1F0232825040009CFF3 /* Sample+DownloadFromSyrinscape.swift */,
				D28442F42356EFC0008BBD5E /* Mood.swift */,
				D252711B2336A6FC0091A823 /* SearchController.swift */,
				D2DFD0EA23579C0A001CA9DC /* SoundsetListController.swift */,
				D2DFD11323590728001CA9DC /* OneShotSearchController.swift */,
			);
			name = "Data Model";
			sourceTree = "<group>";
		};
/* End PBXGroup section */

/* Begin PBXNativeTarget section */
		D2AC66FF2321809900548388 /* Soundscape */ = {
			isa = PBXNativeTarget;
			buildConfigurationList = D2AC67142321809A00548388 /* Build configuration list for PBXNativeTarget "Soundscape" */;
			buildPhases = (
				D2AC66FC2321809900548388 /* Sources */,
				D2AC66FD2321809900548388 /* Frameworks */,
				D2AC66FE2321809900548388 /* Resources */,
			);
			buildRules = (
			);
			dependencies = (
			);
			name = Soundscape;
			productName = Soundscape;
			productReference = D2AC67002321809900548388 /* Soundscape.app */;
			productType = "com.apple.product-type.application";
		};
/* End PBXNativeTarget section */

/* Begin PBXProject section */
		D2AC66F82321809900548388 /* Project object */ = {
			isa = PBXProject;
			attributes = {
				LastSwiftUpdateCheck = 1100;
				LastUpgradeCheck = 1100;
				ORGANIZATIONNAME = "Scott James Remnant";
				TargetAttributes = {
					D2AC66FF2321809900548388 = {
						CreatedOnToolsVersion = 11.0;
					};
				};
			};
			buildConfigurationList = D2AC66FB2321809900548388 /* Build configuration list for PBXProject "Soundscape" */;
			compatibilityVersion = "Xcode 9.3";
			developmentRegion = en;
			hasScannedForEncodings = 0;
			knownRegions = (
				en,
				Base,
			);
			mainGroup = D2AC66F72321809900548388;
			productRefGroup = D2AC67012321809900548388 /* Products */;
			projectDirPath = "";
			projectRoot = "";
			targets = (
				D2AC66FF2321809900548388 /* Soundscape */,
			);
		};
/* End PBXProject section */

/* Begin PBXResourcesBuildPhase section */
		D2AC66FE2321809900548388 /* Resources */ = {
			isa = PBXResourcesBuildPhase;
			buildActionMask = 2147483647;
			files = (
				D2AC67102321809A00548388 /* LaunchScreen.storyboard in Resources */,
				D2AC670D2321809A00548388 /* Preview Assets.xcassets in Resources */,
				D2AC670A2321809A00548388 /* Assets.xcassets in Resources */,
			);
			runOnlyForDeploymentPostprocessing = 0;
		};
/* End PBXResourcesBuildPhase section */

/* Begin PBXSourcesBuildPhase section */
		D2AC66FC2321809900548388 /* Sources */ = {
			isa = PBXSourcesBuildPhase;
			buildActionMask = 2147483647;
			files = (
				D2AC671E2321934500548388 /* AudioManager.swift in Sources */,
				D29993B3235430A20060859D /* MoodButton.swift in Sources */,
				D2DFD11623590992001CA9DC /* PlayerButton.swift in Sources */,
				D2DFD118235909A7001CA9DC /* PlayerStatusView.swift in Sources */,
				D2DFD0EB23579C0A001CA9DC /* SoundsetListController.swift in Sources */,
				D2ACA4492362415300EECC2A /* Collection+SplitBetween.swift in Sources */,
				D241A1EB232819F70009CFF3 /* SyrinscapeManifestClient.swift in Sources */,
				D250FFFB2330253100EA515B /* ElementParameter+Sync.swift in Sources */,
				D2DFD11023590213001CA9DC /* NowPlayingBottomBar.swift in Sources */,
				D2B2560C2329A5B20065A48B /* HostView.swift in Sources */,
				D2D8D125234ECA5800EF1F2B /* NowPlayingView.swift in Sources */,
				D2AC67522321BF0000548388 /* AVAudioPlayerNode+OggVorbis.swift in Sources */,
				D2B25610232AD7540065A48B /* Element+Sync.swift in Sources */,
				D2B2560123299B290065A48B /* PreviewContent.swift in Sources */,
				D2DFD11423590728001CA9DC /* OneShotSearchController.swift in Sources */,
				D250FFF9233024AC00EA515B /* Mood+Sync.swift in Sources */,
				D241A1C32321D7E20009CFF3 /* SyrinscapeAuth.swift in Sources */,
				D241A1F1232825040009CFF3 /* Sample+DownloadFromSyrinscape.swift in Sources */,
				D241A1EF232824200009CFF3 /* SyrinscapeDownloadError.swift in Sources */,
				D250FFF7232CB67E00EA515B /* AirPlayRoutePicker.swift in Sources */,
				D299938B2352B3AF0060859D /* SoundsetImageView.swift in Sources */,
				D2AC672E2321A20800548388 /* OggVorbisError.swift in Sources */,
				D241A1ED23281BC60009CFF3 /* SyrinscapeChapterClient.swift in Sources */,
				D2B255F32328A04D0065A48B /* SyrinscapeSync.swift in Sources */,
				D28442F52356EFC0008BBD5E /* Mood.swift in Sources */,
				D2AC67042321809900548388 /* AppDelegate.swift in Sources */,
				D241A1C12321D6900009CFF3 /* URL+Syrinscape.swift in Sources */,
				D2AC67062321809900548388 /* SceneDelegate.swift in Sources */,
				D2AC67302321A46300548388 /* Player.swift in Sources */,
				D29993B5235431BE0060859D /* PlaylistsList.swift in Sources */,
				D2B256082329A2970065A48B /* SoundsetsList.swift in Sources */,
				D2AC67262321964500548388 /* OggVorbisFile.swift in Sources */,
				D2DFD11223590700001CA9DC /* OneShotsList.swift in Sources */,
				D250FFF3232C8D8D00EA515B /* ProgressArc.swift in Sources */,
				D2DFD11A235909D8001CA9DC /* PlayerProgress.swift in Sources */,
				D250FFF5232C962900EA515B /* PlayerView.swift in Sources */,
				D23D8C0123303EAC007E2A58 /* Stage.swift in Sources */,
				D28442EB2356EC9B008BBD5E /* Playlist.swift in Sources */,
				D299938D2352E0F30060859D /* MoodsList.swift in Sources */,
				D2B2560E2329C2870065A48B /* Sample+Sync.swift in Sources */,
				D2B255FB2329914C0065A48B /* Soundset+Sync.swift in Sources */,
				D2B255F9232983970065A48B /* Soundscape.xcdatamodeld in Sources */,
				D241A1E923280FA30009CFF3 /* SyrinscapeChaptersClient.swift in Sources */,
				D2B2560523299C570065A48B /* SoundsetRow.swift in Sources */,
				D28442F32356EF3F008BBD5E /* Sample.swift in Sources */,
				D2B2560A2329A3CB0065A48B /* SoundsetView.swift in Sources */,
				D250FFE9232ADB3600EA515B /* PlaylistEntry+Sync.swift in Sources */,
				D28442E52356EAF0008BBD5E /* Soundset.swift in Sources */,
			);
			runOnlyForDeploymentPostprocessing = 0;
		};
/* End PBXSourcesBuildPhase section */

/* Begin PBXVariantGroup section */
		D2AC670E2321809A00548388 /* LaunchScreen.storyboard */ = {
			isa = PBXVariantGroup;
			children = (
				D2AC670F2321809A00548388 /* Base */,
			);
			name = LaunchScreen.storyboard;
			sourceTree = "<group>";
		};
/* End PBXVariantGroup section */

/* Begin XCBuildConfiguration section */
		D2AC67122321809A00548388 /* Debug */ = {
			isa = XCBuildConfiguration;
			buildSettings = {
				ALWAYS_SEARCH_USER_PATHS = NO;
				CLANG_ANALYZER_NONNULL = YES;
				CLANG_ANALYZER_NUMBER_OBJECT_CONVERSION = YES_AGGRESSIVE;
				CLANG_CXX_LANGUAGE_STANDARD = "gnu++14";
				CLANG_CXX_LIBRARY = "libc++";
				CLANG_ENABLE_MODULES = YES;
				CLANG_ENABLE_OBJC_ARC = YES;
				CLANG_ENABLE_OBJC_WEAK = YES;
				CLANG_WARN_BLOCK_CAPTURE_AUTORELEASING = YES;
				CLANG_WARN_BOOL_CONVERSION = YES;
				CLANG_WARN_COMMA = YES;
				CLANG_WARN_CONSTANT_CONVERSION = YES;
				CLANG_WARN_DEPRECATED_OBJC_IMPLEMENTATIONS = YES;
				CLANG_WARN_DIRECT_OBJC_ISA_USAGE = YES_ERROR;
				CLANG_WARN_DOCUMENTATION_COMMENTS = YES;
				CLANG_WARN_EMPTY_BODY = YES;
				CLANG_WARN_ENUM_CONVERSION = YES;
				CLANG_WARN_INFINITE_RECURSION = YES;
				CLANG_WARN_INT_CONVERSION = YES;
				CLANG_WARN_NON_LITERAL_NULL_CONVERSION = YES;
				CLANG_WARN_OBJC_IMPLICIT_RETAIN_SELF = YES;
				CLANG_WARN_OBJC_LITERAL_CONVERSION = YES;
				CLANG_WARN_OBJC_ROOT_CLASS = YES_ERROR;
				CLANG_WARN_RANGE_LOOP_ANALYSIS = YES;
				CLANG_WARN_STRICT_PROTOTYPES = YES;
				CLANG_WARN_SUSPICIOUS_MOVE = YES;
				CLANG_WARN_UNGUARDED_AVAILABILITY = YES_AGGRESSIVE;
				CLANG_WARN_UNREACHABLE_CODE = YES;
				CLANG_WARN__DUPLICATE_METHOD_MATCH = YES;
				COPY_PHASE_STRIP = NO;
				DEBUG_INFORMATION_FORMAT = dwarf;
				ENABLE_STRICT_OBJC_MSGSEND = YES;
				ENABLE_TESTABILITY = YES;
				GCC_C_LANGUAGE_STANDARD = gnu11;
				GCC_DYNAMIC_NO_PIC = NO;
				GCC_NO_COMMON_BLOCKS = YES;
				GCC_OPTIMIZATION_LEVEL = 0;
				GCC_PREPROCESSOR_DEFINITIONS = (
					"DEBUG=1",
					"$(inherited)",
				);
				GCC_WARN_64_TO_32_BIT_CONVERSION = YES;
				GCC_WARN_ABOUT_RETURN_TYPE = YES_ERROR;
				GCC_WARN_UNDECLARED_SELECTOR = YES;
				GCC_WARN_UNINITIALIZED_AUTOS = YES_AGGRESSIVE;
				GCC_WARN_UNUSED_FUNCTION = YES;
				GCC_WARN_UNUSED_VARIABLE = YES;
				IPHONEOS_DEPLOYMENT_TARGET = 13.0;
				MTL_ENABLE_DEBUG_INFO = INCLUDE_SOURCE;
				MTL_FAST_MATH = YES;
				ONLY_ACTIVE_ARCH = YES;
				SDKROOT = iphoneos;
				SWIFT_ACTIVE_COMPILATION_CONDITIONS = DEBUG;
				SWIFT_OPTIMIZATION_LEVEL = "-Onone";
			};
			name = Debug;
		};
		D2AC67132321809A00548388 /* Release */ = {
			isa = XCBuildConfiguration;
			buildSettings = {
				ALWAYS_SEARCH_USER_PATHS = NO;
				CLANG_ANALYZER_NONNULL = YES;
				CLANG_ANALYZER_NUMBER_OBJECT_CONVERSION = YES_AGGRESSIVE;
				CLANG_CXX_LANGUAGE_STANDARD = "gnu++14";
				CLANG_CXX_LIBRARY = "libc++";
				CLANG_ENABLE_MODULES = YES;
				CLANG_ENABLE_OBJC_ARC = YES;
				CLANG_ENABLE_OBJC_WEAK = YES;
				CLANG_WARN_BLOCK_CAPTURE_AUTORELEASING = YES;
				CLANG_WARN_BOOL_CONVERSION = YES;
				CLANG_WARN_COMMA = YES;
				CLANG_WARN_CONSTANT_CONVERSION = YES;
				CLANG_WARN_DEPRECATED_OBJC_IMPLEMENTATIONS = YES;
				CLANG_WARN_DIRECT_OBJC_ISA_USAGE = YES_ERROR;
				CLANG_WARN_DOCUMENTATION_COMMENTS = YES;
				CLANG_WARN_EMPTY_BODY = YES;
				CLANG_WARN_ENUM_CONVERSION = YES;
				CLANG_WARN_INFINITE_RECURSION = YES;
				CLANG_WARN_INT_CONVERSION = YES;
				CLANG_WARN_NON_LITERAL_NULL_CONVERSION = YES;
				CLANG_WARN_OBJC_IMPLICIT_RETAIN_SELF = YES;
				CLANG_WARN_OBJC_LITERAL_CONVERSION = YES;
				CLANG_WARN_OBJC_ROOT_CLASS = YES_ERROR;
				CLANG_WARN_RANGE_LOOP_ANALYSIS = YES;
				CLANG_WARN_STRICT_PROTOTYPES = YES;
				CLANG_WARN_SUSPICIOUS_MOVE = YES;
				CLANG_WARN_UNGUARDED_AVAILABILITY = YES_AGGRESSIVE;
				CLANG_WARN_UNREACHABLE_CODE = YES;
				CLANG_WARN__DUPLICATE_METHOD_MATCH = YES;
				COPY_PHASE_STRIP = NO;
				DEBUG_INFORMATION_FORMAT = "dwarf-with-dsym";
				ENABLE_NS_ASSERTIONS = NO;
				ENABLE_STRICT_OBJC_MSGSEND = YES;
				GCC_C_LANGUAGE_STANDARD = gnu11;
				GCC_NO_COMMON_BLOCKS = YES;
				GCC_WARN_64_TO_32_BIT_CONVERSION = YES;
				GCC_WARN_ABOUT_RETURN_TYPE = YES_ERROR;
				GCC_WARN_UNDECLARED_SELECTOR = YES;
				GCC_WARN_UNINITIALIZED_AUTOS = YES_AGGRESSIVE;
				GCC_WARN_UNUSED_FUNCTION = YES;
				GCC_WARN_UNUSED_VARIABLE = YES;
				IPHONEOS_DEPLOYMENT_TARGET = 13.0;
				MTL_ENABLE_DEBUG_INFO = NO;
				MTL_FAST_MATH = YES;
				SDKROOT = iphoneos;
				SWIFT_COMPILATION_MODE = wholemodule;
				SWIFT_OPTIMIZATION_LEVEL = "-O";
				VALIDATE_PRODUCT = YES;
			};
			name = Release;
		};
		D2AC67152321809A00548388 /* Debug */ = {
			isa = XCBuildConfiguration;
			buildSettings = {
				ASSETCATALOG_COMPILER_APPICON_NAME = AppIcon;
				CODE_SIGN_STYLE = Automatic;
				DEVELOPMENT_ASSET_PATHS = "\"Soundscape/Preview Content\"";
				DEVELOPMENT_TEAM = 79P776W2YF;
				ENABLE_PREVIEWS = YES;
				FRAMEWORK_SEARCH_PATHS = (
					"$(inherited)",
					"$(PROJECT_DIR)",
				);
				INFOPLIST_FILE = Soundscape/Info.plist;
				LD_RUNPATH_SEARCH_PATHS = (
					"$(inherited)",
					"@executable_path/Frameworks",
				);
				PRODUCT_BUNDLE_IDENTIFIER = com.netsplit.Soundscape;
				PRODUCT_NAME = "$(TARGET_NAME)";
				SWIFT_OBJC_BRIDGING_HEADER = "Soundscape/Soundscape-Bridging-Header.h";
				SWIFT_VERSION = 5.0;
				TARGETED_DEVICE_FAMILY = "1,2";
			};
			name = Debug;
		};
		D2AC67162321809A00548388 /* Release */ = {
			isa = XCBuildConfiguration;
			buildSettings = {
				ASSETCATALOG_COMPILER_APPICON_NAME = AppIcon;
				CODE_SIGN_STYLE = Automatic;
				DEVELOPMENT_ASSET_PATHS = "\"Soundscape/Preview Content\"";
				DEVELOPMENT_TEAM = 79P776W2YF;
				ENABLE_PREVIEWS = YES;
				FRAMEWORK_SEARCH_PATHS = (
					"$(inherited)",
					"$(PROJECT_DIR)",
				);
				INFOPLIST_FILE = Soundscape/Info.plist;
				LD_RUNPATH_SEARCH_PATHS = (
					"$(inherited)",
					"@executable_path/Frameworks",
				);
				PRODUCT_BUNDLE_IDENTIFIER = com.netsplit.Soundscape;
				PRODUCT_NAME = "$(TARGET_NAME)";
				SWIFT_OBJC_BRIDGING_HEADER = "Soundscape/Soundscape-Bridging-Header.h";
				SWIFT_VERSION = 5.0;
				TARGETED_DEVICE_FAMILY = "1,2";
			};
			name = Release;
		};
/* End XCBuildConfiguration section */

/* Begin XCConfigurationList section */
		D2AC66FB2321809900548388 /* Build configuration list for PBXProject "Soundscape" */ = {
			isa = XCConfigurationList;
			buildConfigurations = (
				D2AC67122321809A00548388 /* Debug */,
				D2AC67132321809A00548388 /* Release */,
			);
			defaultConfigurationIsVisible = 0;
			defaultConfigurationName = Release;
		};
		D2AC67142321809A00548388 /* Build configuration list for PBXNativeTarget "Soundscape" */ = {
			isa = XCConfigurationList;
			buildConfigurations = (
				D2AC67152321809A00548388 /* Debug */,
				D2AC67162321809A00548388 /* Release */,
			);
			defaultConfigurationIsVisible = 0;
			defaultConfigurationName = Release;
		};
/* End XCConfigurationList section */

/* Begin XCVersionGroup section */
		D2B255F7232983970065A48B /* Soundscape.xcdatamodeld */ = {
			isa = XCVersionGroup;
			children = (
				D2B255F8232983970065A48B /* Soundscape.xcdatamodel */,
			);
			currentVersion = D2B255F8232983970065A48B /* Soundscape.xcdatamodel */;
			path = Soundscape.xcdatamodeld;
			sourceTree = "<group>";
			versionGroupType = wrapper.xcdatamodel;
		};
/* End XCVersionGroup section */
	};
	rootObject = D2AC66F82321809900548388 /* Project object */;
}
